// !$*UTF8*$!
{
	archiveVersion = 1;
	classes = {
	};
	objectVersion = 48;
	objects = {

/* Begin PBXBuildFile section */
		BBD70E37205687B8003C7600 /* AppDelegate.swift in Sources */ = {isa = PBXBuildFile; fileRef = BBD70E36205687B8003C7600 /* AppDelegate.swift */; };
		BBD70E39205687B8003C7600 /* MasterViewController.swift in Sources */ = {isa = PBXBuildFile; fileRef = BBD70E38205687B8003C7600 /* MasterViewController.swift */; };
		BBD70E3B205687B8003C7600 /* DetailViewController.swift in Sources */ = {isa = PBXBuildFile; fileRef = BBD70E3A205687B8003C7600 /* DetailViewController.swift */; };
		BBD70E3E205687B8003C7600 /* Main.storyboard in Resources */ = {isa = PBXBuildFile; fileRef = BBD70E3C205687B8003C7600 /* Main.storyboard */; };
		BBD70E40205687B8003C7600 /* Assets.xcassets in Resources */ = {isa = PBXBuildFile; fileRef = BBD70E3F205687B8003C7600 /* Assets.xcassets */; };
		BBD70E43205687B8003C7600 /* LaunchScreen.storyboard in Resources */ = {isa = PBXBuildFile; fileRef = BBD70E41205687B8003C7600 /* LaunchScreen.storyboard */; };
		BBD70E4E205687B9003C7600 /* Voorraad_APPTests.swift in Sources */ = {isa = PBXBuildFile; fileRef = BBD70E4D205687B9003C7600 /* Voorraad_APPTests.swift */; };
		BBD70E59205687B9003C7600 /* Voorraad_APPUITests.swift in Sources */ = {isa = PBXBuildFile; fileRef = BBD70E58205687B9003C7600 /* Voorraad_APPUITests.swift */; };
/* End PBXBuildFile section */

/* Begin PBXContainerItemProxy section */
		BBD70E4A205687B9003C7600 /* PBXContainerItemProxy */ = {
			isa = PBXContainerItemProxy;
			containerPortal = BBD70E2B205687B8003C7600 /* Project object */;
			proxyType = 1;
			remoteGlobalIDString = BBD70E32205687B8003C7600;
			remoteInfo = Voorraad_APP;
		};
		BBD70E55205687B9003C7600 /* PBXContainerItemProxy */ = {
			isa = PBXContainerItemProxy;
			containerPortal = BBD70E2B205687B8003C7600 /* Project object */;
			proxyType = 1;
			remoteGlobalIDString = BBD70E32205687B8003C7600;
			remoteInfo = Voorraad_APP;
		};
/* End PBXContainerItemProxy section */

/* Begin PBXFileReference section */
		BBD70E33205687B8003C7600 /* Voorraad_APP.app */ = {isa = PBXFileReference; explicitFileType = wrapper.application; includeInIndex = 0; path = Voorraad_APP.app; sourceTree = BUILT_PRODUCTS_DIR; };
		BBD70E36205687B8003C7600 /* AppDelegate.swift */ = {isa = PBXFileReference; lastKnownFileType = sourcecode.swift; path = AppDelegate.swift; sourceTree = "<group>"; };
		BBD70E38205687B8003C7600 /* MasterViewController.swift */ = {isa = PBXFileReference; lastKnownFileType = sourcecode.swift; path = MasterViewController.swift; sourceTree = "<group>"; };
		BBD70E3A205687B8003C7600 /* DetailViewController.swift */ = {isa = PBXFileReference; lastKnownFileType = sourcecode.swift; path = DetailViewController.swift; sourceTree = "<group>"; };
		BBD70E3D205687B8003C7600 /* Base */ = {isa = PBXFileReference; lastKnownFileType = file.storyboard; name = Base; path = Base.lproj/Main.storyboard; sourceTree = "<group>"; };
		BBD70E3F205687B8003C7600 /* Assets.xcassets */ = {isa = PBXFileReference; lastKnownFileType = folder.assetcatalog; path = Assets.xcassets; sourceTree = "<group>"; };
		BBD70E42205687B8003C7600 /* Base */ = {isa = PBXFileReference; lastKnownFileType = file.storyboard; name = Base; path = Base.lproj/LaunchScreen.storyboard; sourceTree = "<group>"; };
		BBD70E44205687B8003C7600 /* Info.plist */ = {isa = PBXFileReference; lastKnownFileType = text.plist.xml; path = Info.plist; sourceTree = "<group>"; };
		BBD70E49205687B9003C7600 /* Voorraad_APPTests.xctest */ = {isa = PBXFileReference; explicitFileType = wrapper.cfbundle; includeInIndex = 0; path = Voorraad_APPTests.xctest; sourceTree = BUILT_PRODUCTS_DIR; };
		BBD70E4D205687B9003C7600 /* Voorraad_APPTests.swift */ = {isa = PBXFileReference; lastKnownFileType = sourcecode.swift; path = Voorraad_APPTests.swift; sourceTree = "<group>"; };
		BBD70E4F205687B9003C7600 /* Info.plist */ = {isa = PBXFileReference; lastKnownFileType = text.plist.xml; path = Info.plist; sourceTree = "<group>"; };
		BBD70E54205687B9003C7600 /* Voorraad_APPUITests.xctest */ = {isa = PBXFileReference; explicitFileType = wrapper.cfbundle; includeInIndex = 0; path = Voorraad_APPUITests.xctest; sourceTree = BUILT_PRODUCTS_DIR; };
		BBD70E58205687B9003C7600 /* Voorraad_APPUITests.swift */ = {isa = PBXFileReference; lastKnownFileType = sourcecode.swift; path = Voorraad_APPUITests.swift; sourceTree = "<group>"; };
		BBD70E5A205687B9003C7600 /* Info.plist */ = {isa = PBXFileReference; lastKnownFileType = text.plist.xml; path = Info.plist; sourceTree = "<group>"; };
/* End PBXFileReference section */

/* Begin PBXFrameworksBuildPhase section */
		BBD70E30205687B8003C7600 /* Frameworks */ = {
			isa = PBXFrameworksBuildPhase;
			buildActionMask = 2147483647;
			files = (
			);
			runOnlyForDeploymentPostprocessing = 0;
		};
		BBD70E46205687B9003C7600 /* Frameworks */ = {
			isa = PBXFrameworksBuildPhase;
			buildActionMask = 2147483647;
			files = (
			);
			runOnlyForDeploymentPostprocessing = 0;
		};
		BBD70E51205687B9003C7600 /* Frameworks */ = {
			isa = PBXFrameworksBuildPhase;
			buildActionMask = 2147483647;
			files = (
			);
			runOnlyForDeploymentPostprocessing = 0;
		};
/* End PBXFrameworksBuildPhase section */

/* Begin PBXGroup section */
		BBD70E2A205687B8003C7600 = {
			isa = PBXGroup;
			children = (
				BBD70E35205687B8003C7600 /* Voorraad_APP */,
				BBD70E4C205687B9003C7600 /* Voorraad_APPTests */,
				BBD70E57205687B9003C7600 /* Voorraad_APPUITests */,
				BBD70E34205687B8003C7600 /* Products */,
			);
			sourceTree = "<group>";
		};
		BBD70E34205687B8003C7600 /* Products */ = {
			isa = PBXGroup;
			children = (
				BBD70E33205687B8003C7600 /* Voorraad_APP.app */,
				BBD70E49205687B9003C7600 /* Voorraad_APPTests.xctest */,
				BBD70E54205687B9003C7600 /* Voorraad_APPUITests.xctest */,
			);
			name = Products;
			sourceTree = "<group>";
		};
		BBD70E35205687B8003C7600 /* Voorraad_APP */ = {
			isa = PBXGroup;
			children = (
				BBD70E36205687B8003C7600 /* AppDelegate.swift */,
				BBD70E38205687B8003C7600 /* MasterViewController.swift */,
				BBD70E3A205687B8003C7600 /* DetailViewController.swift */,
				BBD70E3C205687B8003C7600 /* Main.storyboard */,
				BBD70E3F205687B8003C7600 /* Assets.xcassets */,
				BBD70E41205687B8003C7600 /* LaunchScreen.storyboard */,
				BBD70E44205687B8003C7600 /* Info.plist */,
			);
			path = Voorraad_APP;
			sourceTree = "<group>";
		};
		BBD70E4C205687B9003C7600 /* Voorraad_APPTests */ = {
			isa = PBXGroup;
			children = (
				BBD70E4D205687B9003C7600 /* Voorraad_APPTests.swift */,
				BBD70E4F205687B9003C7600 /* Info.plist */,
			);
			path = Voorraad_APPTests;
			sourceTree = "<group>";
		};
		BBD70E57205687B9003C7600 /* Voorraad_APPUITests */ = {
			isa = PBXGroup;
			children = (
				BBD70E58205687B9003C7600 /* Voorraad_APPUITests.swift */,
				BBD70E5A205687B9003C7600 /* Info.plist */,
			);
			path = Voorraad_APPUITests;
			sourceTree = "<group>";
		};
/* End PBXGroup section */

/* Begin PBXNativeTarget section */
		BBD70E32205687B8003C7600 /* Voorraad_APP */ = {
			isa = PBXNativeTarget;
			buildConfigurationList = BBD70E5D205687B9003C7600 /* Build configuration list for PBXNativeTarget "Voorraad_APP" */;
			buildPhases = (
				BBD70E2F205687B8003C7600 /* Sources */,
				BBD70E30205687B8003C7600 /* Frameworks */,
				BBD70E31205687B8003C7600 /* Resources */,
			);
			buildRules = (
			);
			dependencies = (
			);
			name = Voorraad_APP;
			productName = Voorraad_APP;
			productReference = BBD70E33205687B8003C7600 /* Voorraad_APP.app */;
			productType = "com.apple.product-type.application";
		};
		BBD70E48205687B9003C7600 /* Voorraad_APPTests */ = {
			isa = PBXNativeTarget;
			buildConfigurationList = BBD70E60205687B9003C7600 /* Build configuration list for PBXNativeTarget "Voorraad_APPTests" */;
			buildPhases = (
				BBD70E45205687B9003C7600 /* Sources */,
				BBD70E46205687B9003C7600 /* Frameworks */,
				BBD70E47205687B9003C7600 /* Resources */,
			);
			buildRules = (
			);
			dependencies = (
				BBD70E4B205687B9003C7600 /* PBXTargetDependency */,
			);
			name = Voorraad_APPTests;
			productName = Voorraad_APPTests;
			productReference = BBD70E49205687B9003C7600 /* Voorraad_APPTests.xctest */;
			productType = "com.apple.product-type.bundle.unit-test";
		};
		BBD70E53205687B9003C7600 /* Voorraad_APPUITests */ = {
			isa = PBXNativeTarget;
			buildConfigurationList = BBD70E63205687B9003C7600 /* Build configuration list for PBXNativeTarget "Voorraad_APPUITests" */;
			buildPhases = (
				BBD70E50205687B9003C7600 /* Sources */,
				BBD70E51205687B9003C7600 /* Frameworks */,
				BBD70E52205687B9003C7600 /* Resources */,
			);
			buildRules = (
			);
			dependencies = (
				BBD70E56205687B9003C7600 /* PBXTargetDependency */,
			);
			name = Voorraad_APPUITests;
			productName = Voorraad_APPUITests;
			productReference = BBD70E54205687B9003C7600 /* Voorraad_APPUITests.xctest */;
			productType = "com.apple.product-type.bundle.ui-testing";
		};
/* End PBXNativeTarget section */

/* Begin PBXProject section */
		BBD70E2B205687B8003C7600 /* Project object */ = {
			isa = PBXProject;
			attributes = {
				LastSwiftUpdateCheck = 0920;
				LastUpgradeCheck = 0920;
				ORGANIZATIONNAME = Hannah;
				TargetAttributes = {
					BBD70E32205687B8003C7600 = {
						CreatedOnToolsVersion = 9.2;
						ProvisioningStyle = Automatic;
					};
					BBD70E48205687B9003C7600 = {
						CreatedOnToolsVersion = 9.2;
						ProvisioningStyle = Automatic;
						TestTargetID = BBD70E32205687B8003C7600;
					};
					BBD70E53205687B9003C7600 = {
						CreatedOnToolsVersion = 9.2;
						ProvisioningStyle = Automatic;
						TestTargetID = BBD70E32205687B8003C7600;
					};
				};
			};
			buildConfigurationList = BBD70E2E205687B8003C7600 /* Build configuration list for PBXProject "Voorraad_APP" */;
			compatibilityVersion = "Xcode 8.0";
			developmentRegion = en;
			hasScannedForEncodings = 0;
			knownRegions = (
				en,
				Base,
			);
			mainGroup = BBD70E2A205687B8003C7600;
			productRefGroup = BBD70E34205687B8003C7600 /* Products */;
			projectDirPath = "";
			projectRoot = "";
			targets = (
				BBD70E32205687B8003C7600 /* Voorraad_APP */,
				BBD70E48205687B9003C7600 /* Voorraad_APPTests */,
				BBD70E53205687B9003C7600 /* Voorraad_APPUITests */,
			);
		};
/* End PBXProject section */

/* Begin PBXResourcesBuildPhase section */
		BBD70E31205687B8003C7600 /* Resources */ = {
			isa = PBXResourcesBuildPhase;
			buildActionMask = 2147483647;
			files = (
				BBD70E43205687B8003C7600 /* LaunchScreen.storyboard in Resources */,
				BBD70E40205687B8003C7600 /* Assets.xcassets in Resources */,
				BBD70E3E205687B8003C7600 /* Main.storyboard in Resources */,
			);
			runOnlyForDeploymentPostprocessing = 0;
		};
		BBD70E47205687B9003C7600 /* Resources */ = {
			isa = PBXResourcesBuildPhase;
			buildActionMask = 2147483647;
			files = (
			);
			runOnlyForDeploymentPostprocessing = 0;
		};
		BBD70E52205687B9003C7600 /* Resources */ = {
			isa = PBXResourcesBuildPhase;
			buildActionMask = 2147483647;
			files = (
			);
			runOnlyForDeploymentPostprocessing = 0;
		};
/* End PBXResourcesBuildPhase section */

/* Begin PBXSourcesBuildPhase section */
		BBD70E2F205687B8003C7600 /* Sources */ = {
			isa = PBXSourcesBuildPhase;
			buildActionMask = 2147483647;
			files = (
				BBD70E3B205687B8003C7600 /* DetailViewController.swift in Sources */,
				BBD70E39205687B8003C7600 /* MasterViewController.swift in Sources */,
				BBD70E37205687B8003C7600 /* AppDelegate.swift in Sources */,
			);
			runOnlyForDeploymentPostprocessing = 0;
		};
		BBD70E45205687B9003C7600 /* Sources */ = {
			isa = PBXSourcesBuildPhase;
			buildActionMask = 2147483647;
			files = (
				BBD70E4E205687B9003C7600 /* Voorraad_APPTests.swift in Sources */,
			);
			runOnlyForDeploymentPostprocessing = 0;
		};
		BBD70E50205687B9003C7600 /* Sources */ = {
			isa = PBXSourcesBuildPhase;
			buildActionMask = 2147483647;
			files = (
				BBD70E59205687B9003C7600 /* Voorraad_APPUITests.swift in Sources */,
			);
			runOnlyForDeploymentPostprocessing = 0;
		};
/* End PBXSourcesBuildPhase section */

/* Begin PBXTargetDependency section */
		BBD70E4B205687B9003C7600 /* PBXTargetDependency */ = {
			isa = PBXTargetDependency;
			target = BBD70E32205687B8003C7600 /* Voorraad_APP */;
			targetProxy = BBD70E4A205687B9003C7600 /* PBXContainerItemProxy */;
		};
		BBD70E56205687B9003C7600 /* PBXTargetDependency */ = {
			isa = PBXTargetDependency;
			target = BBD70E32205687B8003C7600 /* Voorraad_APP */;
			targetProxy = BBD70E55205687B9003C7600 /* PBXContainerItemProxy */;
		};
/* End PBXTargetDependency section */

/* Begin PBXVariantGroup section */
		BBD70E3C205687B8003C7600 /* Main.storyboard */ = {
			isa = PBXVariantGroup;
			children = (
				BBD70E3D205687B8003C7600 /* Base */,
			);
			name = Main.storyboard;
			sourceTree = "<group>";
		};
		BBD70E41205687B8003C7600 /* LaunchScreen.storyboard */ = {
			isa = PBXVariantGroup;
			children = (
				BBD70E42205687B8003C7600 /* Base */,
			);
			name = LaunchScreen.storyboard;
			sourceTree = "<group>";
		};
/* End PBXVariantGroup section */

/* Begin XCBuildConfiguration section */
		BBD70E5B205687B9003C7600 /* Debug */ = {
			isa = XCBuildConfiguration;
			buildSettings = {
				ALWAYS_SEARCH_USER_PATHS = NO;
				CLANG_ANALYZER_NONNULL = YES;
				CLANG_ANALYZER_NUMBER_OBJECT_CONVERSION = YES_AGGRESSIVE;
				CLANG_CXX_LANGUAGE_STANDARD = "gnu++14";
				CLANG_CXX_LIBRARY = "libc++";
				CLANG_ENABLE_MODULES = YES;
				CLANG_ENABLE_OBJC_ARC = YES;
				CLANG_WARN_BLOCK_CAPTURE_AUTORELEASING = YES;
				CLANG_WARN_BOOL_CONVERSION = YES;
				CLANG_WARN_COMMA = YES;
				CLANG_WARN_CONSTANT_CONVERSION = YES;
				CLANG_WARN_DIRECT_OBJC_ISA_USAGE = YES_ERROR;
				CLANG_WARN_DOCUMENTATION_COMMENTS = YES;
				CLANG_WARN_EMPTY_BODY = YES;
				CLANG_WARN_ENUM_CONVERSION = YES;
				CLANG_WARN_INFINITE_RECURSION = YES;
				CLANG_WARN_INT_CONVERSION = YES;
				CLANG_WARN_NON_LITERAL_NULL_CONVERSION = YES;
				CLANG_WARN_OBJC_LITERAL_CONVERSION = YES;
				CLANG_WARN_OBJC_ROOT_CLASS = YES_ERROR;
				CLANG_WARN_RANGE_LOOP_ANALYSIS = YES;
				CLANG_WARN_STRICT_PROTOTYPES = YES;
				CLANG_WARN_SUSPICIOUS_MOVE = YES;
				CLANG_WARN_UNGUARDED_AVAILABILITY = YES_AGGRESSIVE;
				CLANG_WARN_UNREACHABLE_CODE = YES;
				CLANG_WARN__DUPLICATE_METHOD_MATCH = YES;
				CODE_SIGN_IDENTITY = "iPhone Developer";
				COPY_PHASE_STRIP = NO;
				DEBUG_INFORMATION_FORMAT = dwarf;
				ENABLE_STRICT_OBJC_MSGSEND = YES;
				ENABLE_TESTABILITY = YES;
				GCC_C_LANGUAGE_STANDARD = gnu11;
				GCC_DYNAMIC_NO_PIC = NO;
				GCC_NO_COMMON_BLOCKS = YES;
				GCC_OPTIMIZATION_LEVEL = 0;
				GCC_PREPROCESSOR_DEFINITIONS = (
					"DEBUG=1",
					"$(inherited)",
				);
				GCC_WARN_64_TO_32_BIT_CONVERSION = YES;
				GCC_WARN_ABOUT_RETURN_TYPE = YES_ERROR;
				GCC_WARN_UNDECLARED_SELECTOR = YES;
				GCC_WARN_UNINITIALIZED_AUTOS = YES_AGGRESSIVE;
				GCC_WARN_UNUSED_FUNCTION = YES;
				GCC_WARN_UNUSED_VARIABLE = YES;
				IPHONEOS_DEPLOYMENT_TARGET = 11.2;
				MTL_ENABLE_DEBUG_INFO = YES;
				ONLY_ACTIVE_ARCH = YES;
				SDKROOT = iphoneos;
				SWIFT_ACTIVE_COMPILATION_CONDITIONS = DEBUG;
				SWIFT_OPTIMIZATION_LEVEL = "-Onone";
			};
			name = Debug;
		};
		BBD70E5C205687B9003C7600 /* Release */ = {
			isa = XCBuildConfiguration;
			buildSettings = {
				ALWAYS_SEARCH_USER_PATHS = NO;
				CLANG_ANALYZER_NONNULL = YES;
				CLANG_ANALYZER_NUMBER_OBJECT_CONVERSION = YES_AGGRESSIVE;
				CLANG_CXX_LANGUAGE_STANDARD = "gnu++14";
				CLANG_CXX_LIBRARY = "libc++";
				CLANG_ENABLE_MODULES = YES;
				CLANG_ENABLE_OBJC_ARC = YES;
				CLANG_WARN_BLOCK_CAPTURE_AUTORELEASING = YES;
				CLANG_WARN_BOOL_CONVERSION = YES;
				CLANG_WARN_COMMA = YES;
				CLANG_WARN_CONSTANT_CONVERSION = YES;
				CLANG_WARN_DIRECT_OBJC_ISA_USAGE = YES_ERROR;
				CLANG_WARN_DOCUMENTATION_COMMENTS = YES;
				CLANG_WARN_EMPTY_BODY = YES;
				CLANG_WARN_ENUM_CONVERSION = YES;
				CLANG_WARN_INFINITE_RECURSION = YES;
				CLANG_WARN_INT_CONVERSION = YES;
				CLANG_WARN_NON_LITERAL_NULL_CONVERSION = YES;
				CLANG_WARN_OBJC_LITERAL_CONVERSION = YES;
				CLANG_WARN_OBJC_ROOT_CLASS = YES_ERROR;
				CLANG_WARN_RANGE_LOOP_ANALYSIS = YES;
				CLANG_WARN_STRICT_PROTOTYPES = YES;
				CLANG_WARN_SUSPICIOUS_MOVE = YES;
				CLANG_WARN_UNGUARDED_AVAILABILITY = YES_AGGRESSIVE;
				CLANG_WARN_UNREACHABLE_CODE = YES;
				CLANG_WARN__DUPLICATE_METHOD_MATCH = YES;
				CODE_SIGN_IDENTITY = "iPhone Developer";
				COPY_PHASE_STRIP = NO;
				DEBUG_INFORMATION_FORMAT = "dwarf-with-dsym";
				ENABLE_NS_ASSERTIONS = NO;
				ENABLE_STRICT_OBJC_MSGSEND = YES;
				GCC_C_LANGUAGE_STANDARD = gnu11;
				GCC_NO_COMMON_BLOCKS = YES;
				GCC_WARN_64_TO_32_BIT_CONVERSION = YES;
				GCC_WARN_ABOUT_RETURN_TYPE = YES_ERROR;
				GCC_WARN_UNDECLARED_SELECTOR = YES;
				GCC_WARN_UNINITIALIZED_AUTOS = YES_AGGRESSIVE;
				GCC_WARN_UNUSED_FUNCTION = YES;
				GCC_WARN_UNUSED_VARIABLE = YES;
				IPHONEOS_DEPLOYMENT_TARGET = 11.2;
				MTL_ENABLE_DEBUG_INFO = NO;
				SDKROOT = iphoneos;
				SWIFT_OPTIMIZATION_LEVEL = "-Owholemodule";
				VALIDATE_PRODUCT = YES;
			};
			name = Release;
		};
		BBD70E5E205687B9003C7600 /* Debug */ = {
			isa = XCBuildConfiguration;
			buildSettings = {
				ASSETCATALOG_COMPILER_APPICON_NAME = AppIcon;
				CODE_SIGN_STYLE = Automatic;
				INFOPLIST_FILE = Voorraad_APP/Info.plist;
				LD_RUNPATH_SEARCH_PATHS = "$(inherited) @executable_path/Frameworks";
				PRODUCT_BUNDLE_IDENTIFIER = "Company.Voorraad-APP";
				PRODUCT_NAME = "$(TARGET_NAME)";
				SWIFT_VERSION = 4.0;
				TARGETED_DEVICE_FAMILY = "1,2";
			};
			name = Debug;
		};
		BBD70E5F205687B9003C7600 /* Release */ = {
			isa = XCBuildConfiguration;
			buildSettings = {
				ASSETCATALOG_COMPILER_APPICON_NAME = AppIcon;
				CODE_SIGN_STYLE = Automatic;
				INFOPLIST_FILE = Voorraad_APP/Info.plist;
				LD_RUNPATH_SEARCH_PATHS = "$(inherited) @executable_path/Frameworks";
				PRODUCT_BUNDLE_IDENTIFIER = "Company.Voorraad-APP";
				PRODUCT_NAME = "$(TARGET_NAME)";
				SWIFT_VERSION = 4.0;
				TARGETED_DEVICE_FAMILY = "1,2";
			};
			name = Release;
		};
		BBD70E61205687B9003C7600 /* Debug */ = {
			isa = XCBuildConfiguration;
			buildSettings = {
				ALWAYS_EMBED_SWIFT_STANDARD_LIBRARIES = YES;
				BUNDLE_LOADER = "$(TEST_HOST)";
				CODE_SIGN_STYLE = Automatic;
				INFOPLIST_FILE = Voorraad_APPTests/Info.plist;
				LD_RUNPATH_SEARCH_PATHS = "$(inherited) @executable_path/Frameworks @loader_path/Frameworks";
				PRODUCT_BUNDLE_IDENTIFIER = "Company.Voorraad-APPTests";
				PRODUCT_NAME = "$(TARGET_NAME)";
				SWIFT_VERSION = 4.0;
				TARGETED_DEVICE_FAMILY = "1,2";
				TEST_HOST = "$(BUILT_PRODUCTS_DIR)/Voorraad_APP.app/Voorraad_APP";
			};
			name = Debug;
		};
		BBD70E62205687B9003C7600 /* Release */ = {
			isa = XCBuildConfiguration;
			buildSettings = {
				ALWAYS_EMBED_SWIFT_STANDARD_LIBRARIES = YES;
				BUNDLE_LOADER = "$(TEST_HOST)";
				CODE_SIGN_STYLE = Automatic;
				INFOPLIST_FILE = Voorraad_APPTests/Info.plist;
				LD_RUNPATH_SEARCH_PATHS = "$(inherited) @executable_path/Frameworks @loader_path/Frameworks";
				PRODUCT_BUNDLE_IDENTIFIER = "Company.Voorraad-APPTests";
				PRODUCT_NAME = "$(TARGET_NAME)";
				SWIFT_VERSION = 4.0;
				TARGETED_DEVICE_FAMILY = "1,2";
				TEST_HOST = "$(BUILT_PRODUCTS_DIR)/Voorraad_APP.app/Voorraad_APP";
			};
			name = Release;
		};
		BBD70E64205687B9003C7600 /* Debug */ = {
			isa = XCBuildConfiguration;
			buildSettings = {
				ALWAYS_EMBED_SWIFT_STANDARD_LIBRARIES = YES;
				CODE_SIGN_STYLE = Automatic;
				INFOPLIST_FILE = Voorraad_APPUITests/Info.plist;
				LD_RUNPATH_SEARCH_PATHS = "$(inherited) @executable_path/Frameworks @loader_path/Frameworks";
				PRODUCT_BUNDLE_IDENTIFIER = "Company.Voorraad-APPUITests";
				PRODUCT_NAME = "$(TARGET_NAME)";
				SWIFT_VERSION = 4.0;
				TARGETED_DEVICE_FAMILY = "1,2";
				TEST_TARGET_NAME = Voorraad_APP;
			};
			name = Debug;
		};
		BBD70E65205687B9003C7600 /* Release */ = {
			isa = XCBuildConfiguration;
			buildSettings = {
				ALWAYS_EMBED_SWIFT_STANDARD_LIBRARIES = YES;
				CODE_SIGN_STYLE = Automatic;
				INFOPLIST_FILE = Voorraad_APPUITests/Info.plist;
				LD_RUNPATH_SEARCH_PATHS = "$(inherited) @executable_path/Frameworks @loader_path/Frameworks";
				PRODUCT_BUNDLE_IDENTIFIER = "Company.Voorraad-APPUITests";
				PRODUCT_NAME = "$(TARGET_NAME)";
				SWIFT_VERSION = 4.0;
				TARGETED_DEVICE_FAMILY = "1,2";
				TEST_TARGET_NAME = Voorraad_APP;
			};
			name = Release;
		};
/* End XCBuildConfiguration section */

/* Begin XCConfigurationList section */
		BBD70E2E205687B8003C7600 /* Build configuration list for PBXProject "Voorraad_APP" */ = {
			isa = XCConfigurationList;
			buildConfigurations = (
				BBD70E5B205687B9003C7600 /* Debug */,
				BBD70E5C205687B9003C7600 /* Release */,
			);
			defaultConfigurationIsVisible = 0;
			defaultConfigurationName = Release;
		};
		BBD70E5D205687B9003C7600 /* Build configuration list for PBXNativeTarget "Voorraad_APP" */ = {
			isa = XCConfigurationList;
			buildConfigurations = (
				BBD70E5E205687B9003C7600 /* Debug */,
				BBD70E5F205687B9003C7600 /* Release */,
			);
			defaultConfigurationIsVisible = 0;
			defaultConfigurationName = Release;
		};
		BBD70E60205687B9003C7600 /* Build configuration list for PBXNativeTarget "Voorraad_APPTests" */ = {
			isa = XCConfigurationList;
			buildConfigurations = (
				BBD70E61205687B9003C7600 /* Debug */,
				BBD70E62205687B9003C7600 /* Release */,
			);
			defaultConfigurationIsVisible = 0;
			defaultConfigurationName = Release;
		};
		BBD70E63205687B9003C7600 /* Build configuration list for PBXNativeTarget "Voorraad_APPUITests" */ = {
			isa = XCConfigurationList;
			buildConfigurations = (
				BBD70E64205687B9003C7600 /* Debug */,
				BBD70E65205687B9003C7600 /* Release */,
			);
			defaultConfigurationIsVisible = 0;
			defaultConfigurationName = Release;
		};
/* End XCConfigurationList section */
	};
	rootObject = BBD70E2B205687B8003C7600 /* Project object */;
}
