// !$*UTF8*$!
{
	archiveVersion = 1;
	classes = {
	};
	objectVersion = 48;
	objects = {

/* Begin PBXBuildFile section */
		BBCC9ED320C8103C004761D0 /* AppDelegate.swift in Sources */ = {isa = PBXBuildFile; fileRef = BBCC9ED220C8103C004761D0 /* AppDelegate.swift */; };
		BBCC9ED620C8103C004761D0 /* VoorraadAppHer.xcdatamodeld in Sources */ = {isa = PBXBuildFile; fileRef = BBCC9ED420C8103C004761D0 /* VoorraadAppHer.xcdatamodeld */; };
		BBCC9ED820C8103C004761D0 /* MasterViewController.swift in Sources */ = {isa = PBXBuildFile; fileRef = BBCC9ED720C8103C004761D0 /* MasterViewController.swift */; };
		BBCC9EDA20C8103C004761D0 /* DetailViewController.swift in Sources */ = {isa = PBXBuildFile; fileRef = BBCC9ED920C8103C004761D0 /* DetailViewController.swift */; };
		BBCC9EDD20C8103C004761D0 /* Main.storyboard in Resources */ = {isa = PBXBuildFile; fileRef = BBCC9EDB20C8103C004761D0 /* Main.storyboard */; };
		BBCC9EDF20C8103C004761D0 /* Assets.xcassets in Resources */ = {isa = PBXBuildFile; fileRef = BBCC9EDE20C8103C004761D0 /* Assets.xcassets */; };
		BBCC9EE220C8103C004761D0 /* LaunchScreen.storyboard in Resources */ = {isa = PBXBuildFile; fileRef = BBCC9EE020C8103C004761D0 /* LaunchScreen.storyboard */; };
/* End PBXBuildFile section */

/* Begin PBXFileReference section */
		BBCC9ECF20C8103C004761D0 /* VoorraadAppHer.app */ = {isa = PBXFileReference; explicitFileType = wrapper.application; includeInIndex = 0; path = VoorraadAppHer.app; sourceTree = BUILT_PRODUCTS_DIR; };
		BBCC9ED220C8103C004761D0 /* AppDelegate.swift */ = {isa = PBXFileReference; lastKnownFileType = sourcecode.swift; path = AppDelegate.swift; sourceTree = "<group>"; };
		BBCC9ED520C8103C004761D0 /* VoorraadAppHer.xcdatamodel */ = {isa = PBXFileReference; lastKnownFileType = wrapper.xcdatamodel; path = VoorraadAppHer.xcdatamodel; sourceTree = "<group>"; };
		BBCC9ED720C8103C004761D0 /* MasterViewController.swift */ = {isa = PBXFileReference; lastKnownFileType = sourcecode.swift; path = MasterViewController.swift; sourceTree = "<group>"; };
		BBCC9ED920C8103C004761D0 /* DetailViewController.swift */ = {isa = PBXFileReference; lastKnownFileType = sourcecode.swift; path = DetailViewController.swift; sourceTree = "<group>"; };
		BBCC9EDC20C8103C004761D0 /* Base */ = {isa = PBXFileReference; lastKnownFileType = file.storyboard; name = Base; path = Base.lproj/Main.storyboard; sourceTree = "<group>"; };
		BBCC9EDE20C8103C004761D0 /* Assets.xcassets */ = {isa = PBXFileReference; lastKnownFileType = folder.assetcatalog; path = Assets.xcassets; sourceTree = "<group>"; };
		BBCC9EE120C8103C004761D0 /* Base */ = {isa = PBXFileReference; lastKnownFileType = file.storyboard; name = Base; path = Base.lproj/LaunchScreen.storyboard; sourceTree = "<group>"; };
		BBCC9EE320C8103C004761D0 /* Info.plist */ = {isa = PBXFileReference; lastKnownFileType = text.plist.xml; path = Info.plist; sourceTree = "<group>"; };
/* End PBXFileReference section */

/* Begin PBXFrameworksBuildPhase section */
		BBCC9ECC20C8103C004761D0 /* Frameworks */ = {
			isa = PBXFrameworksBuildPhase;
			buildActionMask = 2147483647;
			files = (
			);
			runOnlyForDeploymentPostprocessing = 0;
		};
/* End PBXFrameworksBuildPhase section */

/* Begin PBXGroup section */
		BBCC9EC620C8103C004761D0 = {
			isa = PBXGroup;
			children = (
				BBCC9ED120C8103C004761D0 /* VoorraadAppHer */,
				BBCC9ED020C8103C004761D0 /* Products */,
			);
			sourceTree = "<group>";
		};
		BBCC9ED020C8103C004761D0 /* Products */ = {
			isa = PBXGroup;
			children = (
				BBCC9ECF20C8103C004761D0 /* VoorraadAppHer.app */,
			);
			name = Products;
			sourceTree = "<group>";
		};
		BBCC9ED120C8103C004761D0 /* VoorraadAppHer */ = {
			isa = PBXGroup;
			children = (
				BBCC9ED220C8103C004761D0 /* AppDelegate.swift */,
				BBCC9ED720C8103C004761D0 /* MasterViewController.swift */,
				BBCC9ED920C8103C004761D0 /* DetailViewController.swift */,
				BBCC9EDB20C8103C004761D0 /* Main.storyboard */,
				BBCC9EDE20C8103C004761D0 /* Assets.xcassets */,
				BBCC9EE020C8103C004761D0 /* LaunchScreen.storyboard */,
				BBCC9EE320C8103C004761D0 /* Info.plist */,
				BBCC9ED420C8103C004761D0 /* VoorraadAppHer.xcdatamodeld */,
			);
			path = VoorraadAppHer;
			sourceTree = "<group>";
		};
/* End PBXGroup section */

/* Begin PBXNativeTarget section */
		BBCC9ECE20C8103C004761D0 /* VoorraadAppHer */ = {
			isa = PBXNativeTarget;
			buildConfigurationList = BBCC9EE620C8103C004761D0 /* Build configuration list for PBXNativeTarget "VoorraadAppHer" */;
			buildPhases = (
				BBCC9ECB20C8103C004761D0 /* Sources */,
				BBCC9ECC20C8103C004761D0 /* Frameworks */,
				BBCC9ECD20C8103C004761D0 /* Resources */,
			);
			buildRules = (
			);
			dependencies = (
			);
			name = VoorraadAppHer;
			productName = VoorraadAppHer;
			productReference = BBCC9ECF20C8103C004761D0 /* VoorraadAppHer.app */;
			productType = "com.apple.product-type.application";
		};
/* End PBXNativeTarget section */

/* Begin PBXProject section */
		BBCC9EC720C8103C004761D0 /* Project object */ = {
			isa = PBXProject;
			attributes = {
				LastSwiftUpdateCheck = 0920;
				LastUpgradeCheck = 0920;
				ORGANIZATIONNAME = Hannah;
				TargetAttributes = {
					BBCC9ECE20C8103C004761D0 = {
						CreatedOnToolsVersion = 9.2;
						ProvisioningStyle = Automatic;
					};
				};
			};
			buildConfigurationList = BBCC9ECA20C8103C004761D0 /* Build configuration list for PBXProject "VoorraadAppHer" */;
			compatibilityVersion = "Xcode 8.0";
			developmentRegion = en;
			hasScannedForEncodings = 0;
			knownRegions = (
				en,
				Base,
			);
			mainGroup = BBCC9EC620C8103C004761D0;
			productRefGroup = BBCC9ED020C8103C004761D0 /* Products */;
			projectDirPath = "";
			projectRoot = "";
			targets = (
				BBCC9ECE20C8103C004761D0 /* VoorraadAppHer */,
			);
		};
/* End PBXProject section */

/* Begin PBXResourcesBuildPhase section */
		BBCC9ECD20C8103C004761D0 /* Resources */ = {
			isa = PBXResourcesBuildPhase;
			buildActionMask = 2147483647;
			files = (
				BBCC9EE220C8103C004761D0 /* LaunchScreen.storyboard in Resources */,
				BBCC9EDF20C8103C004761D0 /* Assets.xcassets in Resources */,
				BBCC9EDD20C8103C004761D0 /* Main.storyboard in Resources */,
			);
			runOnlyForDeploymentPostprocessing = 0;
		};
/* End PBXResourcesBuildPhase section */

/* Begin PBXSourcesBuildPhase section */
		BBCC9ECB20C8103C004761D0 /* Sources */ = {
			isa = PBXSourcesBuildPhase;
			buildActionMask = 2147483647;
			files = (
				BBCC9ED320C8103C004761D0 /* AppDelegate.swift in Sources */,
				BBCC9ED620C8103C004761D0 /* VoorraadAppHer.xcdatamodeld in Sources */,
				BBCC9ED820C8103C004761D0 /* MasterViewController.swift in Sources */,
				BBCC9EDA20C8103C004761D0 /* DetailViewController.swift in Sources */,
			);
			runOnlyForDeploymentPostprocessing = 0;
		};
/* End PBXSourcesBuildPhase section */

/* Begin PBXVariantGroup section */
		BBCC9EDB20C8103C004761D0 /* Main.storyboard */ = {
			isa = PBXVariantGroup;
			children = (
				BBCC9EDC20C8103C004761D0 /* Base */,
			);
			name = Main.storyboard;
			sourceTree = "<group>";
		};
		BBCC9EE020C8103C004761D0 /* LaunchScreen.storyboard */ = {
			isa = PBXVariantGroup;
			children = (
				BBCC9EE120C8103C004761D0 /* Base */,
			);
			name = LaunchScreen.storyboard;
			sourceTree = "<group>";
		};
/* End PBXVariantGroup section */

/* Begin XCBuildConfiguration section */
		BBCC9EE420C8103C004761D0 /* Debug */ = {
			isa = XCBuildConfiguration;
			buildSettings = {
				ALWAYS_SEARCH_USER_PATHS = NO;
				CLANG_ANALYZER_NONNULL = YES;
				CLANG_ANALYZER_NUMBER_OBJECT_CONVERSION = YES_AGGRESSIVE;
				CLANG_CXX_LANGUAGE_STANDARD = "gnu++14";
				CLANG_CXX_LIBRARY = "libc++";
				CLANG_ENABLE_MODULES = YES;
				CLANG_ENABLE_OBJC_ARC = YES;
				CLANG_WARN_BLOCK_CAPTURE_AUTORELEASING = YES;
				CLANG_WARN_BOOL_CONVERSION = YES;
				CLANG_WARN_COMMA = YES;
				CLANG_WARN_CONSTANT_CONVERSION = YES;
				CLANG_WARN_DIRECT_OBJC_ISA_USAGE = YES_ERROR;
				CLANG_WARN_DOCUMENTATION_COMMENTS = YES;
				CLANG_WARN_EMPTY_BODY = YES;
				CLANG_WARN_ENUM_CONVERSION = YES;
				CLANG_WARN_INFINITE_RECURSION = YES;
				CLANG_WARN_INT_CONVERSION = YES;
				CLANG_WARN_NON_LITERAL_NULL_CONVERSION = YES;
				CLANG_WARN_OBJC_LITERAL_CONVERSION = YES;
				CLANG_WARN_OBJC_ROOT_CLASS = YES_ERROR;
				CLANG_WARN_RANGE_LOOP_ANALYSIS = YES;
				CLANG_WARN_STRICT_PROTOTYPES = YES;
				CLANG_WARN_SUSPICIOUS_MOVE = YES;
				CLANG_WARN_UNGUARDED_AVAILABILITY = YES_AGGRESSIVE;
				CLANG_WARN_UNREACHABLE_CODE = YES;
				CLANG_WARN__DUPLICATE_METHOD_MATCH = YES;
				CODE_SIGN_IDENTITY = "iPhone Developer";
				COPY_PHASE_STRIP = NO;
				DEBUG_INFORMATION_FORMAT = dwarf;
				ENABLE_STRICT_OBJC_MSGSEND = YES;
				ENABLE_TESTABILITY = YES;
				GCC_C_LANGUAGE_STANDARD = gnu11;
				GCC_DYNAMIC_NO_PIC = NO;
				GCC_NO_COMMON_BLOCKS = YES;
				GCC_OPTIMIZATION_LEVEL = 0;
				GCC_PREPROCESSOR_DEFINITIONS = (
					"DEBUG=1",
					"$(inherited)",
				);
				GCC_WARN_64_TO_32_BIT_CONVERSION = YES;
				GCC_WARN_ABOUT_RETURN_TYPE = YES_ERROR;
				GCC_WARN_UNDECLARED_SELECTOR = YES;
				GCC_WARN_UNINITIALIZED_AUTOS = YES_AGGRESSIVE;
				GCC_WARN_UNUSED_FUNCTION = YES;
				GCC_WARN_UNUSED_VARIABLE = YES;
				IPHONEOS_DEPLOYMENT_TARGET = 11.2;
				MTL_ENABLE_DEBUG_INFO = YES;
				ONLY_ACTIVE_ARCH = YES;
				SDKROOT = iphoneos;
				SWIFT_ACTIVE_COMPILATION_CONDITIONS = DEBUG;
				SWIFT_OPTIMIZATION_LEVEL = "-Onone";
			};
			name = Debug;
		};
		BBCC9EE520C8103C004761D0 /* Release */ = {
			isa = XCBuildConfiguration;
			buildSettings = {
				ALWAYS_SEARCH_USER_PATHS = NO;
				CLANG_ANALYZER_NONNULL = YES;
				CLANG_ANALYZER_NUMBER_OBJECT_CONVERSION = YES_AGGRESSIVE;
				CLANG_CXX_LANGUAGE_STANDARD = "gnu++14";
				CLANG_CXX_LIBRARY = "libc++";
				CLANG_ENABLE_MODULES = YES;
				CLANG_ENABLE_OBJC_ARC = YES;
				CLANG_WARN_BLOCK_CAPTURE_AUTORELEASING = YES;
				CLANG_WARN_BOOL_CONVERSION = YES;
				CLANG_WARN_COMMA = YES;
				CLANG_WARN_CONSTANT_CONVERSION = YES;
				CLANG_WARN_DIRECT_OBJC_ISA_USAGE = YES_ERROR;
				CLANG_WARN_DOCUMENTATION_COMMENTS = YES;
				CLANG_WARN_EMPTY_BODY = YES;
				CLANG_WARN_ENUM_CONVERSION = YES;
				CLANG_WARN_INFINITE_RECURSION = YES;
				CLANG_WARN_INT_CONVERSION = YES;
				CLANG_WARN_NON_LITERAL_NULL_CONVERSION = YES;
				CLANG_WARN_OBJC_LITERAL_CONVERSION = YES;
				CLANG_WARN_OBJC_ROOT_CLASS = YES_ERROR;
				CLANG_WARN_RANGE_LOOP_ANALYSIS = YES;
				CLANG_WARN_STRICT_PROTOTYPES = YES;
				CLANG_WARN_SUSPICIOUS_MOVE = YES;
				CLANG_WARN_UNGUARDED_AVAILABILITY = YES_AGGRESSIVE;
				CLANG_WARN_UNREACHABLE_CODE = YES;
				CLANG_WARN__DUPLICATE_METHOD_MATCH = YES;
				CODE_SIGN_IDENTITY = "iPhone Developer";
				COPY_PHASE_STRIP = NO;
				DEBUG_INFORMATION_FORMAT = "dwarf-with-dsym";
				ENABLE_NS_ASSERTIONS = NO;
				ENABLE_STRICT_OBJC_MSGSEND = YES;
				GCC_C_LANGUAGE_STANDARD = gnu11;
				GCC_NO_COMMON_BLOCKS = YES;
				GCC_WARN_64_TO_32_BIT_CONVERSION = YES;
				GCC_WARN_ABOUT_RETURN_TYPE = YES_ERROR;
				GCC_WARN_UNDECLARED_SELECTOR = YES;
				GCC_WARN_UNINITIALIZED_AUTOS = YES_AGGRESSIVE;
				GCC_WARN_UNUSED_FUNCTION = YES;
				GCC_WARN_UNUSED_VARIABLE = YES;
				IPHONEOS_DEPLOYMENT_TARGET = 11.2;
				MTL_ENABLE_DEBUG_INFO = NO;
				SDKROOT = iphoneos;
				SWIFT_OPTIMIZATION_LEVEL = "-Owholemodule";
				VALIDATE_PRODUCT = YES;
			};
			name = Release;
		};
		BBCC9EE720C8103C004761D0 /* Debug */ = {
			isa = XCBuildConfiguration;
			buildSettings = {
				ASSETCATALOG_COMPILER_APPICON_NAME = AppIcon;
				CODE_SIGN_STYLE = Automatic;
				INFOPLIST_FILE = VoorraadAppHer/Info.plist;
				LD_RUNPATH_SEARCH_PATHS = "$(inherited) @executable_path/Frameworks";
				PRODUCT_BUNDLE_IDENTIFIER = Company.VoorraadAppHer;
				PRODUCT_NAME = "$(TARGET_NAME)";
				SWIFT_VERSION = 4.0;
				TARGETED_DEVICE_FAMILY = "1,2";
			};
			name = Debug;
		};
		BBCC9EE820C8103C004761D0 /* Release */ = {
			isa = XCBuildConfiguration;
			buildSettings = {
				ASSETCATALOG_COMPILER_APPICON_NAME = AppIcon;
				CODE_SIGN_STYLE = Automatic;
				INFOPLIST_FILE = VoorraadAppHer/Info.plist;
				LD_RUNPATH_SEARCH_PATHS = "$(inherited) @executable_path/Frameworks";
				PRODUCT_BUNDLE_IDENTIFIER = Company.VoorraadAppHer;
				PRODUCT_NAME = "$(TARGET_NAME)";
				SWIFT_VERSION = 4.0;
				TARGETED_DEVICE_FAMILY = "1,2";
			};
			name = Release;
		};
/* End XCBuildConfiguration section */

/* Begin XCConfigurationList section */
		BBCC9ECA20C8103C004761D0 /* Build configuration list for PBXProject "VoorraadAppHer" */ = {
			isa = XCConfigurationList;
			buildConfigurations = (
				BBCC9EE420C8103C004761D0 /* Debug */,
				BBCC9EE520C8103C004761D0 /* Release */,
			);
			defaultConfigurationIsVisible = 0;
			defaultConfigurationName = Release;
		};
		BBCC9EE620C8103C004761D0 /* Build configuration list for PBXNativeTarget "VoorraadAppHer" */ = {
			isa = XCConfigurationList;
			buildConfigurations = (
				BBCC9EE720C8103C004761D0 /* Debug */,
				BBCC9EE820C8103C004761D0 /* Release */,
			);
			defaultConfigurationIsVisible = 0;
			defaultConfigurationName = Release;
		};
/* End XCConfigurationList section */

/* Begin XCVersionGroup section */
		BBCC9ED420C8103C004761D0 /* VoorraadAppHer.xcdatamodeld */ = {
			isa = XCVersionGroup;
			children = (
				BBCC9ED520C8103C004761D0 /* VoorraadAppHer.xcdatamodel */,
			);
			currentVersion = BBCC9ED520C8103C004761D0 /* VoorraadAppHer.xcdatamodel */;
			path = VoorraadAppHer.xcdatamodeld;
			sourceTree = "<group>";
			versionGroupType = wrapper.xcdatamodel;
		};
/* End XCVersionGroup section */
	};
	rootObject = BBCC9EC720C8103C004761D0 /* Project object */;
}
